
Microsoft Visual Studio Solution File, Format Version 12.00
# Visual Studio Version 16
VisualStudioVersion = 16.0.30611.23
MinimumVisualStudioVersion = 10.0.40219.1
Project("{9A19103F-16F7-4668-BE54-9A1E7A4F7556}") = "HajnikPortfolio", "HajnikPortfolio\HajnikPortfolio.csproj", "{B643A885-97F5-4D74-9E52-F2F7A9CF4D13}"
EndProject
Project("{FAE04EC0-301F-11D3-BF4B-00C04F79EFBC}") = "PizzaWeb.Infrastructure", "PizzaWeb.Infrastructure\PizzaWeb.Infrastructure.csproj", "{5E2D9F5B-8466-447A-AAEE-AF4B76489B02}"
EndProject
Project("{FAE04EC0-301F-11D3-BF4B-00C04F79EFBC}") = "PizzaWeb.Domain", "PizzaWeb.Domain\PizzaWeb.Domain.csproj", "{2418E02A-F4A2-4A69-8ACC-7CF5AAEB358A}"
EndProject
Global
	GlobalSection(SolutionConfigurationPlatforms) = preSolution
		Debug|Any CPU = Debug|Any CPU
		Release|Any CPU = Release|Any CPU
	EndGlobalSection
	GlobalSection(ProjectConfigurationPlatforms) = postSolution
		{B643A885-97F5-4D74-9E52-F2F7A9CF4D13}.Debug|Any CPU.ActiveCfg = Debug|Any CPU
		{B643A885-97F5-4D74-9E52-F2F7A9CF4D13}.Debug|Any CPU.Build.0 = Debug|Any CPU
		{B643A885-97F5-4D74-9E52-F2F7A9CF4D13}.Release|Any CPU.ActiveCfg = Release|Any CPU
		{B643A885-97F5-4D74-9E52-F2F7A9CF4D13}.Release|Any CPU.Build.0 = Release|Any CPU
		{5E2D9F5B-8466-447A-AAEE-AF4B76489B02}.Debug|Any CPU.ActiveCfg = Debug|Any CPU
		{5E2D9F5B-8466-447A-AAEE-AF4B76489B02}.Debug|Any CPU.Build.0 = Debug|Any CPU
		{5E2D9F5B-8466-447A-AAEE-AF4B76489B02}.Release|Any CPU.ActiveCfg = Release|Any CPU
		{5E2D9F5B-8466-447A-AAEE-AF4B76489B02}.Release|Any CPU.Build.0 = Release|Any CPU
		{2418E02A-F4A2-4A69-8ACC-7CF5AAEB358A}.Debug|Any CPU.ActiveCfg = Debug|Any CPU
		{2418E02A-F4A2-4A69-8ACC-7CF5AAEB358A}.Debug|Any CPU.Build.0 = Debug|Any CPU
		{2418E02A-F4A2-4A69-8ACC-7CF5AAEB358A}.Release|Any CPU.ActiveCfg = Release|Any CPU
		{2418E02A-F4A2-4A69-8ACC-7CF5AAEB358A}.Release|Any CPU.Build.0 = Release|Any CPU
	EndGlobalSection
	GlobalSection(SolutionProperties) = preSolution
		HideSolutionNode = FALSE
	EndGlobalSection
	GlobalSection(ExtensibilityGlobals) = postSolution
		SolutionGuid = {47263ED3-8D95-4E96-8775-DA414068F1FF}
	EndGlobalSection
EndGlobal
